// !$*UTF8*$!
{
	archiveVersion = 1;
	classes = {
	};
	objectVersion = 46;
	objects = {

/* Begin PBXBuildFile section */
		64059CC21C0125900069D4DE /* CHBResultTableViewCell.m in Sources */ = {isa = PBXBuildFile; fileRef = 64059CC01C0125900069D4DE /* CHBResultTableViewCell.m */; };
		64059CC31C0125900069D4DE /* CHBResultTableViewCell.xib in Resources */ = {isa = PBXBuildFile; fileRef = 64059CC11C0125900069D4DE /* CHBResultTableViewCell.xib */; };
		64059CC91C0125BF0069D4DE /* CHBResultTableView.m in Sources */ = {isa = PBXBuildFile; fileRef = 64059CC81C0125BF0069D4DE /* CHBResultTableView.m */; };
		640FA8DF1BF170B900D89019 /* CHBAchievementsTableViewCell.m in Sources */ = {isa = PBXBuildFile; fileRef = 640FA8DD1BF170B900D89019 /* CHBAchievementsTableViewCell.m */; };
		640FA8E01BF170B900D89019 /* CHBAchievementsTableViewCell.xib in Resources */ = {isa = PBXBuildFile; fileRef = 640FA8DE1BF170B900D89019 /* CHBAchievementsTableViewCell.xib */; };
		640FA8E51BF1711400D89019 /* CHBAchievementsTableView.m in Sources */ = {isa = PBXBuildFile; fileRef = 640FA8E41BF1711400D89019 /* CHBAchievementsTableView.m */; };
		640FA8E91BF1825700D89019 /* CHBLeaderboardTableView.m in Sources */ = {isa = PBXBuildFile; fileRef = 640FA8E81BF1825700D89019 /* CHBLeaderboardTableView.m */; };
		640FA8ED1BF183EA00D89019 /* CHBLeaderboardTableViewCell.m in Sources */ = {isa = PBXBuildFile; fileRef = 640FA8EB1BF183EA00D89019 /* CHBLeaderboardTableViewCell.m */; };
		640FA8EE1BF183EA00D89019 /* CHBLeaderboardTableViewCell.xib in Resources */ = {isa = PBXBuildFile; fileRef = 640FA8EC1BF183EA00D89019 /* CHBLeaderboardTableViewCell.xib */; };
		640FA8F31BF184C600D89019 /* CHBLeaderboardViewController.m in Sources */ = {isa = PBXBuildFile; fileRef = 640FA8F11BF184C600D89019 /* CHBLeaderboardViewController.m */; };
		640FA8F41BF184C600D89019 /* CHBLeaderboardViewController.xib in Resources */ = {isa = PBXBuildFile; fileRef = 640FA8F21BF184C600D89019 /* CHBLeaderboardViewController.xib */; };
		640FA8F81BF190ED00D89019 /* CHBChallengeTableView.m in Sources */ = {isa = PBXBuildFile; fileRef = 640FA8F71BF190ED00D89019 /* CHBChallengeTableView.m */; };
		640FA8FC1BF1910500D89019 /* CHBChallengeTableViewCell.m in Sources */ = {isa = PBXBuildFile; fileRef = 640FA8FA1BF1910500D89019 /* CHBChallengeTableViewCell.m */; };
		640FA8FD1BF1910500D89019 /* CHBChallengeTableViewCell.xib in Resources */ = {isa = PBXBuildFile; fileRef = 640FA8FB1BF1910500D89019 /* CHBChallengeTableViewCell.xib */; };
		640FA9021BF1982700D89019 /* CHBChallengeViewController.m in Sources */ = {isa = PBXBuildFile; fileRef = 640FA9001BF1982700D89019 /* CHBChallengeViewController.m */; };
		640FA9031BF1982700D89019 /* CHBChallengeViewController.xib in Resources */ = {isa = PBXBuildFile; fileRef = 640FA9011BF1982700D89019 /* CHBChallengeViewController.xib */; };
		6425784C1BC065C8006B430D /* Interface.storyboard in Resources */ = {isa = PBXBuildFile; fileRef = 6425784A1BC065C8006B430D /* Interface.storyboard */; };
		6425784E1BC065C8006B430D /* Assets.xcassets in Resources */ = {isa = PBXBuildFile; fileRef = 6425784D1BC065C8006B430D /* Assets.xcassets */; };
		642578551BC065C8006B430D /* chasingBirdWatch Extension.appex in Embed App Extensions */ = {isa = PBXBuildFile; fileRef = 642578541BC065C8006B430D /* chasingBirdWatch Extension.appex */; settings = {ATTRIBUTES = (RemoveHeadersOnCopy, ); }; };
		6425785B1BC065C8006B430D /* InterfaceController.m in Sources */ = {isa = PBXBuildFile; fileRef = 6425785A1BC065C8006B430D /* InterfaceController.m */; };
		6425785E1BC065C8006B430D /* ExtensionDelegate.m in Sources */ = {isa = PBXBuildFile; fileRef = 6425785D1BC065C8006B430D /* ExtensionDelegate.m */; };
		642578601BC065C8006B430D /* Assets.xcassets in Resources */ = {isa = PBXBuildFile; fileRef = 6425785F1BC065C8006B430D /* Assets.xcassets */; };
		642578641BC065C8006B430D /* chasingBirdWatch.app in Embed Watch Content */ = {isa = PBXBuildFile; fileRef = 642578481BC065C8006B430D /* chasingBirdWatch.app */; };
		643736271BF1539300A4BC64 /* CHBLandingViewController.m in Sources */ = {isa = PBXBuildFile; fileRef = 643736251BF1539300A4BC64 /* CHBLandingViewController.m */; };
		643736281BF1539300A4BC64 /* CHBLandingViewController.xib in Resources */ = {isa = PBXBuildFile; fileRef = 643736261BF1539300A4BC64 /* CHBLandingViewController.xib */; };
		6437362D1BF15BC600A4BC64 /* CHBAchievementsViewController.m in Sources */ = {isa = PBXBuildFile; fileRef = 6437362B1BF15BC600A4BC64 /* CHBAchievementsViewController.m */; };
		6437362E1BF15BC600A4BC64 /* CHBAchievementsViewController.xib in Resources */ = {isa = PBXBuildFile; fileRef = 6437362C1BF15BC600A4BC64 /* CHBAchievementsViewController.xib */; };
		6455EE421BCC02E300E32334 /* CHBNetInfoNode.m in Sources */ = {isa = PBXBuildFile; fileRef = 6455EE411BCC02E300E32334 /* CHBNetInfoNode.m */; };
		6455EE451BCC27A900E32334 /* CHBRadarNode.m in Sources */ = {isa = PBXBuildFile; fileRef = 6455EE441BCC27A900E32334 /* CHBRadarNode.m */; };
		646608691BB70BDF00E61BFD /* CHBLabelNode.m in Sources */ = {isa = PBXBuildFile; fileRef = 646608681BB70BDF00E61BFD /* CHBLabelNode.m */; };
		6466086C1BB7117A00E61BFD /* CHBBirdInfoNode.m in Sources */ = {isa = PBXBuildFile; fileRef = 6466086B1BB7117A00E61BFD /* CHBBirdInfoNode.m */; };
		649114B61C09F26800826EA0 /* CHBConf.m in Sources */ = {isa = PBXBuildFile; fileRef = 649114B51C09F26800826EA0 /* CHBConf.m */; };
		649C15DC1BAD8A9700420ED2 /* CHBHelpers.m in Sources */ = {isa = PBXBuildFile; fileRef = 649C15DB1BAD8A9700420ED2 /* CHBHelpers.m */; };
		64A8F5741BFAD8D300480B47 /* CHBPerformanceViewController.m in Sources */ = {isa = PBXBuildFile; fileRef = 64A8F5721BFAD8D300480B47 /* CHBPerformanceViewController.m */; };
		64A8F5751BFAD8D400480B47 /* CHBPerformanceViewController.xib in Resources */ = {isa = PBXBuildFile; fileRef = 64A8F5731BFAD8D300480B47 /* CHBPerformanceViewController.xib */; };
		64A8F57F1BFADFD000480B47 /* CHBPerformanceTableViewCell.m in Sources */ = {isa = PBXBuildFile; fileRef = 64A8F57D1BFADFD000480B47 /* CHBPerformanceTableViewCell.m */; };
		64A8F5801BFADFD000480B47 /* CHBPerformanceTableViewCell.xib in Resources */ = {isa = PBXBuildFile; fileRef = 64A8F57E1BFADFD000480B47 /* CHBPerformanceTableViewCell.xib */; };
		64A8F5831BFAE63400480B47 /* CHBPerformanceHelper.m in Sources */ = {isa = PBXBuildFile; fileRef = 64A8F5821BFAE63400480B47 /* CHBPerformanceHelper.m */; };
		64B4CAD11BD2BD4700D5C5A5 /* CHBIntroViewController.m in Sources */ = {isa = PBXBuildFile; fileRef = 64B4CACF1BD2BD4700D5C5A5 /* CHBIntroViewController.m */; };
		64B4CAD21BD2BD4700D5C5A5 /* CHBIntroViewController.xib in Resources */ = {isa = PBXBuildFile; fileRef = 64B4CAD01BD2BD4700D5C5A5 /* CHBIntroViewController.xib */; };
		64D93BDC1BD3FE5B006AE5C2 /* CHBPerformance.m in Sources */ = {isa = PBXBuildFile; fileRef = 64D93BDB1BD3FE5B006AE5C2 /* CHBPerformance.m */; };
		64F262311BD401BD00C5BD68 /* CHBPauseViewController.m in Sources */ = {isa = PBXBuildFile; fileRef = 64F2622F1BD401BD00C5BD68 /* CHBPauseViewController.m */; };
		64F262321BD401BD00C5BD68 /* CHBPauseViewController.xib in Resources */ = {isa = PBXBuildFile; fileRef = 64F262301BD401BD00C5BD68 /* CHBPauseViewController.xib */; };
		64F262381BD40D8900C5BD68 /* CHBResultViewController.m in Sources */ = {isa = PBXBuildFile; fileRef = 64F262361BD40D8900C5BD68 /* CHBResultViewController.m */; };
		64F262391BD40D8900C5BD68 /* CHBResultViewController.xib in Resources */ = {isa = PBXBuildFile; fileRef = 64F262371BD40D8900C5BD68 /* CHBResultViewController.xib */; };
		64F2623C1BD413A200C5BD68 /* CHBPerformanceTableView.m in Sources */ = {isa = PBXBuildFile; fileRef = 64F2623B1BD413A200C5BD68 /* CHBPerformanceTableView.m */; };
		7FE3DB091C35E0B400E270B4 /* HealthKit.framework in Frameworks */ = {isa = PBXBuildFile; fileRef = 7FE3DB081C35E0B400E270B4 /* HealthKit.framework */; };
		891458E01B7FD0BA00ECF6D9 /* CHBTimerView.m in Sources */ = {isa = PBXBuildFile; fileRef = 891458DF1B7FD0BA00ECF6D9 /* CHBTimerView.m */; };
		891458E41B7FDAE600ECF6D9 /* UIView+AutoLayoutHelpers.m in Sources */ = {isa = PBXBuildFile; fileRef = 891458E31B7FDAE600ECF6D9 /* UIView+AutoLayoutHelpers.m */; };
		891458E71B7FF3AC00ECF6D9 /* CHBWorkoutController.m in Sources */ = {isa = PBXBuildFile; fileRef = 891458E61B7FF3AC00ECF6D9 /* CHBWorkoutController.m */; };
		891736391B7676A0003E082F /* main.m in Sources */ = {isa = PBXBuildFile; fileRef = 891736381B7676A0003E082F /* main.m */; };
		8917363C1B7676A0003E082F /* AppDelegate.m in Sources */ = {isa = PBXBuildFile; fileRef = 8917363B1B7676A0003E082F /* AppDelegate.m */; };
		8917363F1B7676A0003E082F /* CHBDemoViewController.m in Sources */ = {isa = PBXBuildFile; fileRef = 8917363E1B7676A0003E082F /* CHBDemoViewController.m */; };
		891736441B7676A0003E082F /* Assets.xcassets in Resources */ = {isa = PBXBuildFile; fileRef = 891736431B7676A0003E082F /* Assets.xcassets */; };
		891736471B7676A0003E082F /* LaunchScreen.storyboard in Resources */ = {isa = PBXBuildFile; fileRef = 891736451B7676A0003E082F /* LaunchScreen.storyboard */; };
		8962517C1B8E899A00295961 /* CHBViewController.m in Sources */ = {isa = PBXBuildFile; fileRef = 8962517B1B8E899A00295961 /* CHBViewController.m */; };
		896251831B8E8FF500295961 /* CHBImageView.m in Sources */ = {isa = PBXBuildFile; fileRef = 896251821B8E8FF500295961 /* CHBImageView.m */; };
		896251871B8E928400295961 /* CHBHomeViewController.m in Sources */ = {isa = PBXBuildFile; fileRef = 896251851B8E928400295961 /* CHBHomeViewController.m */; };
		896251881B8E928400295961 /* CHBHomeViewController.xib in Resources */ = {isa = PBXBuildFile; fileRef = 896251861B8E928400295961 /* CHBHomeViewController.xib */; };
		8962518C1B8E9A6B00295961 /* CHBMapViewController.m in Sources */ = {isa = PBXBuildFile; fileRef = 8962518B1B8E9A6B00295961 /* CHBMapViewController.m */; };
		89659BEA1B895D6D004072CE /* GameKit.framework in Frameworks */ = {isa = PBXBuildFile; fileRef = 89659BE91B895D6D004072CE /* GameKit.framework */; };
		89659BEC1B895FBF004072CE /* SpriteKit.framework in Frameworks */ = {isa = PBXBuildFile; fileRef = 89659BEB1B895FBF004072CE /* SpriteKit.framework */; };
		89659BEF1B8962B6004072CE /* CHBGameKitHelper.m in Sources */ = {isa = PBXBuildFile; fileRef = 89659BEE1B8962B6004072CE /* CHBGameKitHelper.m */; };
		8968F2B21B7789A4000A6018 /* HealthKit.framework in Frameworks */ = {isa = PBXBuildFile; fileRef = 8968F2B11B7789A4000A6018 /* HealthKit.framework */; };
		8985C21D1B923AA300FDA0B0 /* CHBStartViewController.m in Sources */ = {isa = PBXBuildFile; fileRef = 8985C21B1B923AA300FDA0B0 /* CHBStartViewController.m */; };
		8985C21E1B923AA300FDA0B0 /* CHBStartViewController.xib in Resources */ = {isa = PBXBuildFile; fileRef = 8985C21C1B923AA300FDA0B0 /* CHBStartViewController.xib */; };
		8985C2211B924ADD00FDA0B0 /* CHBGameViewController.m in Sources */ = {isa = PBXBuildFile; fileRef = 8985C2201B924ADD00FDA0B0 /* CHBGameViewController.m */; };
		8985C2251B924B1000FDA0B0 /* CHBGameScene.m in Sources */ = {isa = PBXBuildFile; fileRef = 8985C2241B924B1000FDA0B0 /* CHBGameScene.m */; };
		8985C2271B924EAE00FDA0B0 /* GameAssets.xcassets in Resources */ = {isa = PBXBuildFile; fileRef = 8985C2261B924EAE00FDA0B0 /* GameAssets.xcassets */; };
		89E8528D1B8EAB4500942893 /* CHBMapLevelView.m in Sources */ = {isa = PBXBuildFile; fileRef = 89E8528C1B8EAB4500942893 /* CHBMapLevelView.m */; };
/* End PBXBuildFile section */

/* Begin PBXContainerItemProxy section */
		642578561BC065C8006B430D /* PBXContainerItemProxy */ = {
			isa = PBXContainerItemProxy;
			containerPortal = 8917362C1B7676A0003E082F /* Project object */;
			proxyType = 1;
			remoteGlobalIDString = 642578531BC065C8006B430D;
			remoteInfo = "chasingBirdWatch Extension";
		};
		642578621BC065C8006B430D /* PBXContainerItemProxy */ = {
			isa = PBXContainerItemProxy;
			containerPortal = 8917362C1B7676A0003E082F /* Project object */;
			proxyType = 1;
			remoteGlobalIDString = 642578471BC065C8006B430D;
			remoteInfo = chasingBirdWatch;
		};
/* End PBXContainerItemProxy section */

/* Begin PBXCopyFilesBuildPhase section */
		642578681BC065C9006B430D /* Embed App Extensions */ = {
			isa = PBXCopyFilesBuildPhase;
			buildActionMask = 2147483647;
			dstPath = "";
			dstSubfolderSpec = 13;
			files = (
				642578551BC065C8006B430D /* chasingBirdWatch Extension.appex in Embed App Extensions */,
			);
			name = "Embed App Extensions";
			runOnlyForDeploymentPostprocessing = 0;
		};
		8968F2AF1B7779C7000A6018 /* Embed Watch Content */ = {
			isa = PBXCopyFilesBuildPhase;
			buildActionMask = 2147483647;
			dstPath = "$(CONTENTS_FOLDER_PATH)/Watch";
			dstSubfolderSpec = 16;
			files = (
				642578641BC065C8006B430D /* chasingBirdWatch.app in Embed Watch Content */,
			);
			name = "Embed Watch Content";
			runOnlyForDeploymentPostprocessing = 0;
		};
/* End PBXCopyFilesBuildPhase section */

/* Begin PBXFileReference section */
		64059CBF1C0125900069D4DE /* CHBResultTableViewCell.h */ = {isa = PBXFileReference; fileEncoding = 4; lastKnownFileType = sourcecode.c.h; path = CHBResultTableViewCell.h; sourceTree = "<group>"; };
		64059CC01C0125900069D4DE /* CHBResultTableViewCell.m */ = {isa = PBXFileReference; fileEncoding = 4; lastKnownFileType = sourcecode.c.objc; path = CHBResultTableViewCell.m; sourceTree = "<group>"; };
		64059CC11C0125900069D4DE /* CHBResultTableViewCell.xib */ = {isa = PBXFileReference; fileEncoding = 4; lastKnownFileType = file.xib; path = CHBResultTableViewCell.xib; sourceTree = "<group>"; };
		64059CC71C0125BF0069D4DE /* CHBResultTableView.h */ = {isa = PBXFileReference; fileEncoding = 4; lastKnownFileType = sourcecode.c.h; path = CHBResultTableView.h; sourceTree = "<group>"; };
		64059CC81C0125BF0069D4DE /* CHBResultTableView.m */ = {isa = PBXFileReference; fileEncoding = 4; lastKnownFileType = sourcecode.c.objc; path = CHBResultTableView.m; sourceTree = "<group>"; };
		640FA8DC1BF170B900D89019 /* CHBAchievementsTableViewCell.h */ = {isa = PBXFileReference; fileEncoding = 4; lastKnownFileType = sourcecode.c.h; path = CHBAchievementsTableViewCell.h; sourceTree = "<group>"; };
		640FA8DD1BF170B900D89019 /* CHBAchievementsTableViewCell.m */ = {isa = PBXFileReference; fileEncoding = 4; lastKnownFileType = sourcecode.c.objc; path = CHBAchievementsTableViewCell.m; sourceTree = "<group>"; };
		640FA8DE1BF170B900D89019 /* CHBAchievementsTableViewCell.xib */ = {isa = PBXFileReference; fileEncoding = 4; lastKnownFileType = file.xib; path = CHBAchievementsTableViewCell.xib; sourceTree = "<group>"; };
		640FA8E31BF1711400D89019 /* CHBAchievementsTableView.h */ = {isa = PBXFileReference; fileEncoding = 4; lastKnownFileType = sourcecode.c.h; path = CHBAchievementsTableView.h; sourceTree = "<group>"; };
		640FA8E41BF1711400D89019 /* CHBAchievementsTableView.m */ = {isa = PBXFileReference; fileEncoding = 4; lastKnownFileType = sourcecode.c.objc; path = CHBAchievementsTableView.m; sourceTree = "<group>"; };
		640FA8E71BF1825700D89019 /* CHBLeaderboardTableView.h */ = {isa = PBXFileReference; fileEncoding = 4; lastKnownFileType = sourcecode.c.h; path = CHBLeaderboardTableView.h; sourceTree = "<group>"; };
		640FA8E81BF1825700D89019 /* CHBLeaderboardTableView.m */ = {isa = PBXFileReference; fileEncoding = 4; lastKnownFileType = sourcecode.c.objc; path = CHBLeaderboardTableView.m; sourceTree = "<group>"; };
		640FA8EA1BF183EA00D89019 /* CHBLeaderboardTableViewCell.h */ = {isa = PBXFileReference; fileEncoding = 4; lastKnownFileType = sourcecode.c.h; path = CHBLeaderboardTableViewCell.h; sourceTree = "<group>"; };
		640FA8EB1BF183EA00D89019 /* CHBLeaderboardTableViewCell.m */ = {isa = PBXFileReference; fileEncoding = 4; lastKnownFileType = sourcecode.c.objc; path = CHBLeaderboardTableViewCell.m; sourceTree = "<group>"; };
		640FA8EC1BF183EA00D89019 /* CHBLeaderboardTableViewCell.xib */ = {isa = PBXFileReference; fileEncoding = 4; lastKnownFileType = file.xib; path = CHBLeaderboardTableViewCell.xib; sourceTree = "<group>"; };
		640FA8F01BF184C600D89019 /* CHBLeaderboardViewController.h */ = {isa = PBXFileReference; fileEncoding = 4; lastKnownFileType = sourcecode.c.h; path = CHBLeaderboardViewController.h; sourceTree = "<group>"; };
		640FA8F11BF184C600D89019 /* CHBLeaderboardViewController.m */ = {isa = PBXFileReference; fileEncoding = 4; lastKnownFileType = sourcecode.c.objc; path = CHBLeaderboardViewController.m; sourceTree = "<group>"; };
		640FA8F21BF184C600D89019 /* CHBLeaderboardViewController.xib */ = {isa = PBXFileReference; fileEncoding = 4; lastKnownFileType = file.xib; path = CHBLeaderboardViewController.xib; sourceTree = "<group>"; };
		640FA8F61BF190ED00D89019 /* CHBChallengeTableView.h */ = {isa = PBXFileReference; fileEncoding = 4; lastKnownFileType = sourcecode.c.h; path = CHBChallengeTableView.h; sourceTree = "<group>"; };
		640FA8F71BF190ED00D89019 /* CHBChallengeTableView.m */ = {isa = PBXFileReference; fileEncoding = 4; lastKnownFileType = sourcecode.c.objc; path = CHBChallengeTableView.m; sourceTree = "<group>"; };
		640FA8F91BF1910500D89019 /* CHBChallengeTableViewCell.h */ = {isa = PBXFileReference; fileEncoding = 4; lastKnownFileType = sourcecode.c.h; path = CHBChallengeTableViewCell.h; sourceTree = "<group>"; };
		640FA8FA1BF1910500D89019 /* CHBChallengeTableViewCell.m */ = {isa = PBXFileReference; fileEncoding = 4; lastKnownFileType = sourcecode.c.objc; path = CHBChallengeTableViewCell.m; sourceTree = "<group>"; };
		640FA8FB1BF1910500D89019 /* CHBChallengeTableViewCell.xib */ = {isa = PBXFileReference; fileEncoding = 4; lastKnownFileType = file.xib; path = CHBChallengeTableViewCell.xib; sourceTree = "<group>"; };
		640FA8FF1BF1982700D89019 /* CHBChallengeViewController.h */ = {isa = PBXFileReference; fileEncoding = 4; lastKnownFileType = sourcecode.c.h; path = CHBChallengeViewController.h; sourceTree = "<group>"; };
		640FA9001BF1982700D89019 /* CHBChallengeViewController.m */ = {isa = PBXFileReference; fileEncoding = 4; lastKnownFileType = sourcecode.c.objc; path = CHBChallengeViewController.m; sourceTree = "<group>"; };
		640FA9011BF1982700D89019 /* CHBChallengeViewController.xib */ = {isa = PBXFileReference; fileEncoding = 4; lastKnownFileType = file.xib; path = CHBChallengeViewController.xib; sourceTree = "<group>"; };
		642578481BC065C8006B430D /* chasingBirdWatch.app */ = {isa = PBXFileReference; explicitFileType = wrapper.application; includeInIndex = 0; path = chasingBirdWatch.app; sourceTree = BUILT_PRODUCTS_DIR; };
		6425784B1BC065C8006B430D /* Base */ = {isa = PBXFileReference; lastKnownFileType = file.storyboard; name = Base; path = Base.lproj/Interface.storyboard; sourceTree = "<group>"; };
		6425784D1BC065C8006B430D /* Assets.xcassets */ = {isa = PBXFileReference; lastKnownFileType = folder.assetcatalog; path = Assets.xcassets; sourceTree = "<group>"; };
		6425784F1BC065C8006B430D /* Info.plist */ = {isa = PBXFileReference; lastKnownFileType = text.plist.xml; path = Info.plist; sourceTree = "<group>"; };
		642578541BC065C8006B430D /* chasingBirdWatch Extension.appex */ = {isa = PBXFileReference; explicitFileType = "wrapper.app-extension"; includeInIndex = 0; path = "chasingBirdWatch Extension.appex"; sourceTree = BUILT_PRODUCTS_DIR; };
		642578591BC065C8006B430D /* InterfaceController.h */ = {isa = PBXFileReference; lastKnownFileType = sourcecode.c.h; path = InterfaceController.h; sourceTree = "<group>"; };
		6425785A1BC065C8006B430D /* InterfaceController.m */ = {isa = PBXFileReference; lastKnownFileType = sourcecode.c.objc; path = InterfaceController.m; sourceTree = "<group>"; };
		6425785C1BC065C8006B430D /* ExtensionDelegate.h */ = {isa = PBXFileReference; lastKnownFileType = sourcecode.c.h; path = ExtensionDelegate.h; sourceTree = "<group>"; };
		6425785D1BC065C8006B430D /* ExtensionDelegate.m */ = {isa = PBXFileReference; lastKnownFileType = sourcecode.c.objc; path = ExtensionDelegate.m; sourceTree = "<group>"; };
		6425785F1BC065C8006B430D /* Assets.xcassets */ = {isa = PBXFileReference; lastKnownFileType = folder.assetcatalog; path = Assets.xcassets; sourceTree = "<group>"; };
		642578611BC065C8006B430D /* Info.plist */ = {isa = PBXFileReference; lastKnownFileType = text.plist.xml; path = Info.plist; sourceTree = "<group>"; };
		6425786D1BC066CB006B430D /* chasingBirdWatch Extension.entitlements */ = {isa = PBXFileReference; lastKnownFileType = text.xml; path = "chasingBirdWatch Extension.entitlements"; sourceTree = "<group>"; };
		643736241BF1539300A4BC64 /* CHBLandingViewController.h */ = {isa = PBXFileReference; fileEncoding = 4; lastKnownFileType = sourcecode.c.h; path = CHBLandingViewController.h; sourceTree = "<group>"; };
		643736251BF1539300A4BC64 /* CHBLandingViewController.m */ = {isa = PBXFileReference; fileEncoding = 4; lastKnownFileType = sourcecode.c.objc; path = CHBLandingViewController.m; sourceTree = "<group>"; };
		643736261BF1539300A4BC64 /* CHBLandingViewController.xib */ = {isa = PBXFileReference; fileEncoding = 4; lastKnownFileType = file.xib; path = CHBLandingViewController.xib; sourceTree = "<group>"; };
		6437362A1BF15BC600A4BC64 /* CHBAchievementsViewController.h */ = {isa = PBXFileReference; fileEncoding = 4; lastKnownFileType = sourcecode.c.h; path = CHBAchievementsViewController.h; sourceTree = "<group>"; };
		6437362B1BF15BC600A4BC64 /* CHBAchievementsViewController.m */ = {isa = PBXFileReference; fileEncoding = 4; lastKnownFileType = sourcecode.c.objc; path = CHBAchievementsViewController.m; sourceTree = "<group>"; };
		6437362C1BF15BC600A4BC64 /* CHBAchievementsViewController.xib */ = {isa = PBXFileReference; fileEncoding = 4; lastKnownFileType = file.xib; path = CHBAchievementsViewController.xib; sourceTree = "<group>"; };
		6455EE401BCC02E300E32334 /* CHBNetInfoNode.h */ = {isa = PBXFileReference; fileEncoding = 4; lastKnownFileType = sourcecode.c.h; path = CHBNetInfoNode.h; sourceTree = "<group>"; };
		6455EE411BCC02E300E32334 /* CHBNetInfoNode.m */ = {isa = PBXFileReference; fileEncoding = 4; lastKnownFileType = sourcecode.c.objc; path = CHBNetInfoNode.m; sourceTree = "<group>"; };
		6455EE431BCC27A900E32334 /* CHBRadarNode.h */ = {isa = PBXFileReference; fileEncoding = 4; lastKnownFileType = sourcecode.c.h; path = CHBRadarNode.h; sourceTree = "<group>"; };
		6455EE441BCC27A900E32334 /* CHBRadarNode.m */ = {isa = PBXFileReference; fileEncoding = 4; lastKnownFileType = sourcecode.c.objc; path = CHBRadarNode.m; sourceTree = "<group>"; };
		646608671BB70BDF00E61BFD /* CHBLabelNode.h */ = {isa = PBXFileReference; fileEncoding = 4; lastKnownFileType = sourcecode.c.h; path = CHBLabelNode.h; sourceTree = "<group>"; };
		646608681BB70BDF00E61BFD /* CHBLabelNode.m */ = {isa = PBXFileReference; fileEncoding = 4; lastKnownFileType = sourcecode.c.objc; path = CHBLabelNode.m; sourceTree = "<group>"; };
		6466086A1BB7117A00E61BFD /* CHBBirdInfoNode.h */ = {isa = PBXFileReference; fileEncoding = 4; lastKnownFileType = sourcecode.c.h; path = CHBBirdInfoNode.h; sourceTree = "<group>"; };
		6466086B1BB7117A00E61BFD /* CHBBirdInfoNode.m */ = {isa = PBXFileReference; fileEncoding = 4; lastKnownFileType = sourcecode.c.objc; path = CHBBirdInfoNode.m; sourceTree = "<group>"; };
		649114B41C09F26800826EA0 /* CHBConf.h */ = {isa = PBXFileReference; fileEncoding = 4; lastKnownFileType = sourcecode.c.h; path = CHBConf.h; sourceTree = "<group>"; };
		649114B51C09F26800826EA0 /* CHBConf.m */ = {isa = PBXFileReference; fileEncoding = 4; lastKnownFileType = sourcecode.c.objc; path = CHBConf.m; sourceTree = "<group>"; };
		649C15DA1BAD8A9700420ED2 /* CHBHelpers.h */ = {isa = PBXFileReference; fileEncoding = 4; lastKnownFileType = sourcecode.c.h; path = CHBHelpers.h; sourceTree = "<group>"; };
		649C15DB1BAD8A9700420ED2 /* CHBHelpers.m */ = {isa = PBXFileReference; fileEncoding = 4; lastKnownFileType = sourcecode.c.objc; path = CHBHelpers.m; sourceTree = "<group>"; };
		64A8F5711BFAD8D300480B47 /* CHBPerformanceViewController.h */ = {isa = PBXFileReference; fileEncoding = 4; lastKnownFileType = sourcecode.c.h; path = CHBPerformanceViewController.h; sourceTree = "<group>"; };
		64A8F5721BFAD8D300480B47 /* CHBPerformanceViewController.m */ = {isa = PBXFileReference; fileEncoding = 4; lastKnownFileType = sourcecode.c.objc; path = CHBPerformanceViewController.m; sourceTree = "<group>"; };
		64A8F5731BFAD8D300480B47 /* CHBPerformanceViewController.xib */ = {isa = PBXFileReference; fileEncoding = 4; lastKnownFileType = file.xib; path = CHBPerformanceViewController.xib; sourceTree = "<group>"; };
		64A8F57C1BFADFD000480B47 /* CHBPerformanceTableViewCell.h */ = {isa = PBXFileReference; fileEncoding = 4; lastKnownFileType = sourcecode.c.h; path = CHBPerformanceTableViewCell.h; sourceTree = "<group>"; };
		64A8F57D1BFADFD000480B47 /* CHBPerformanceTableViewCell.m */ = {isa = PBXFileReference; fileEncoding = 4; lastKnownFileType = sourcecode.c.objc; path = CHBPerformanceTableViewCell.m; sourceTree = "<group>"; };
		64A8F57E1BFADFD000480B47 /* CHBPerformanceTableViewCell.xib */ = {isa = PBXFileReference; fileEncoding = 4; lastKnownFileType = file.xib; path = CHBPerformanceTableViewCell.xib; sourceTree = "<group>"; };
		64A8F5811BFAE63400480B47 /* CHBPerformanceHelper.h */ = {isa = PBXFileReference; fileEncoding = 4; lastKnownFileType = sourcecode.c.h; path = CHBPerformanceHelper.h; sourceTree = "<group>"; };
		64A8F5821BFAE63400480B47 /* CHBPerformanceHelper.m */ = {isa = PBXFileReference; fileEncoding = 4; lastKnownFileType = sourcecode.c.objc; path = CHBPerformanceHelper.m; sourceTree = "<group>"; };
		64B4CACE1BD2BD4700D5C5A5 /* CHBIntroViewController.h */ = {isa = PBXFileReference; fileEncoding = 4; lastKnownFileType = sourcecode.c.h; path = CHBIntroViewController.h; sourceTree = "<group>"; };
		64B4CACF1BD2BD4700D5C5A5 /* CHBIntroViewController.m */ = {isa = PBXFileReference; fileEncoding = 4; lastKnownFileType = sourcecode.c.objc; path = CHBIntroViewController.m; sourceTree = "<group>"; };
		64B4CAD01BD2BD4700D5C5A5 /* CHBIntroViewController.xib */ = {isa = PBXFileReference; fileEncoding = 4; lastKnownFileType = file.xib; path = CHBIntroViewController.xib; sourceTree = "<group>"; };
		64B6DD4A1BB8632A00DB754D /* cn_bold.ttf */ = {isa = PBXFileReference; lastKnownFileType = file; path = cn_bold.ttf; sourceTree = "<group>"; };
		64D93BDA1BD3FE5B006AE5C2 /* CHBPerformance.h */ = {isa = PBXFileReference; fileEncoding = 4; lastKnownFileType = sourcecode.c.h; path = CHBPerformance.h; sourceTree = "<group>"; };
		64D93BDB1BD3FE5B006AE5C2 /* CHBPerformance.m */ = {isa = PBXFileReference; fileEncoding = 4; lastKnownFileType = sourcecode.c.objc; path = CHBPerformance.m; sourceTree = "<group>"; };
		64F2622E1BD401BD00C5BD68 /* CHBPauseViewController.h */ = {isa = PBXFileReference; fileEncoding = 4; lastKnownFileType = sourcecode.c.h; path = CHBPauseViewController.h; sourceTree = "<group>"; };
		64F2622F1BD401BD00C5BD68 /* CHBPauseViewController.m */ = {isa = PBXFileReference; fileEncoding = 4; lastKnownFileType = sourcecode.c.objc; path = CHBPauseViewController.m; sourceTree = "<group>"; };
		64F262301BD401BD00C5BD68 /* CHBPauseViewController.xib */ = {isa = PBXFileReference; fileEncoding = 4; lastKnownFileType = file.xib; path = CHBPauseViewController.xib; sourceTree = "<group>"; };
		64F262351BD40D8900C5BD68 /* CHBResultViewController.h */ = {isa = PBXFileReference; fileEncoding = 4; lastKnownFileType = sourcecode.c.h; path = CHBResultViewController.h; sourceTree = "<group>"; };
		64F262361BD40D8900C5BD68 /* CHBResultViewController.m */ = {isa = PBXFileReference; fileEncoding = 4; lastKnownFileType = sourcecode.c.objc; path = CHBResultViewController.m; sourceTree = "<group>"; };
		64F262371BD40D8900C5BD68 /* CHBResultViewController.xib */ = {isa = PBXFileReference; fileEncoding = 4; lastKnownFileType = file.xib; path = CHBResultViewController.xib; sourceTree = "<group>"; };
		64F2623A1BD413A200C5BD68 /* CHBPerformanceTableView.h */ = {isa = PBXFileReference; fileEncoding = 4; lastKnownFileType = sourcecode.c.h; path = CHBPerformanceTableView.h; sourceTree = "<group>"; };
		64F2623B1BD413A200C5BD68 /* CHBPerformanceTableView.m */ = {isa = PBXFileReference; fileEncoding = 4; lastKnownFileType = sourcecode.c.objc; path = CHBPerformanceTableView.m; sourceTree = "<group>"; };
		7FE3DB081C35E0B400E270B4 /* HealthKit.framework */ = {isa = PBXFileReference; lastKnownFileType = wrapper.framework; name = HealthKit.framework; path = Platforms/WatchOS.platform/Developer/SDKs/WatchOS2.1.sdk/System/Library/Frameworks/HealthKit.framework; sourceTree = DEVELOPER_DIR; };
		891458DE1B7FD0BA00ECF6D9 /* CHBTimerView.h */ = {isa = PBXFileReference; fileEncoding = 4; lastKnownFileType = sourcecode.c.h; path = CHBTimerView.h; sourceTree = "<group>"; };
		891458DF1B7FD0BA00ECF6D9 /* CHBTimerView.m */ = {isa = PBXFileReference; fileEncoding = 4; lastKnownFileType = sourcecode.c.objc; path = CHBTimerView.m; sourceTree = "<group>"; };
		891458E21B7FDAE600ECF6D9 /* UIView+AutoLayoutHelpers.h */ = {isa = PBXFileReference; fileEncoding = 4; lastKnownFileType = sourcecode.c.h; path = "UIView+AutoLayoutHelpers.h"; sourceTree = "<group>"; };
		891458E31B7FDAE600ECF6D9 /* UIView+AutoLayoutHelpers.m */ = {isa = PBXFileReference; fileEncoding = 4; lastKnownFileType = sourcecode.c.objc; path = "UIView+AutoLayoutHelpers.m"; sourceTree = "<group>"; };
		891458E51B7FF3AC00ECF6D9 /* CHBWorkoutController.h */ = {isa = PBXFileReference; fileEncoding = 4; lastKnownFileType = sourcecode.c.h; path = CHBWorkoutController.h; sourceTree = "<group>"; };
		891458E61B7FF3AC00ECF6D9 /* CHBWorkoutController.m */ = {isa = PBXFileReference; fileEncoding = 4; lastKnownFileType = sourcecode.c.objc; path = CHBWorkoutController.m; sourceTree = "<group>"; };
		891736341B7676A0003E082F /* Stray Bird.app */ = {isa = PBXFileReference; explicitFileType = wrapper.application; includeInIndex = 0; path = "Stray Bird.app"; sourceTree = BUILT_PRODUCTS_DIR; };
		891736381B7676A0003E082F /* main.m */ = {isa = PBXFileReference; lastKnownFileType = sourcecode.c.objc; path = main.m; sourceTree = "<group>"; };
		8917363A1B7676A0003E082F /* AppDelegate.h */ = {isa = PBXFileReference; lastKnownFileType = sourcecode.c.h; path = AppDelegate.h; sourceTree = "<group>"; };
		8917363B1B7676A0003E082F /* AppDelegate.m */ = {isa = PBXFileReference; lastKnownFileType = sourcecode.c.objc; path = AppDelegate.m; sourceTree = "<group>"; };
		8917363D1B7676A0003E082F /* CHBDemoViewController.h */ = {isa = PBXFileReference; lastKnownFileType = sourcecode.c.h; path = CHBDemoViewController.h; sourceTree = "<group>"; };
		8917363E1B7676A0003E082F /* CHBDemoViewController.m */ = {isa = PBXFileReference; lastKnownFileType = sourcecode.c.objc; path = CHBDemoViewController.m; sourceTree = "<group>"; };
		891736431B7676A0003E082F /* Assets.xcassets */ = {isa = PBXFileReference; lastKnownFileType = folder.assetcatalog; path = Assets.xcassets; sourceTree = "<group>"; };
		891736461B7676A0003E082F /* Base */ = {isa = PBXFileReference; lastKnownFileType = file.storyboard; name = Base; path = Base.lproj/LaunchScreen.storyboard; sourceTree = "<group>"; };
		891736481B7676A0003E082F /* Info.plist */ = {isa = PBXFileReference; lastKnownFileType = text.plist.xml; path = Info.plist; sourceTree = "<group>"; };
		891736511B7676A0003E082F /* chasingbirdTests.m */ = {isa = PBXFileReference; lastKnownFileType = sourcecode.c.objc; path = chasingbirdTests.m; sourceTree = "<group>"; };
		891736531B7676A0003E082F /* Info.plist */ = {isa = PBXFileReference; lastKnownFileType = text.plist.xml; path = Info.plist; sourceTree = "<group>"; };
		8962517A1B8E899A00295961 /* CHBViewController.h */ = {isa = PBXFileReference; fileEncoding = 4; lastKnownFileType = sourcecode.c.h; path = CHBViewController.h; sourceTree = "<group>"; };
		8962517B1B8E899A00295961 /* CHBViewController.m */ = {isa = PBXFileReference; fileEncoding = 4; lastKnownFileType = sourcecode.c.objc; path = CHBViewController.m; sourceTree = "<group>"; };
		896251811B8E8FF500295961 /* CHBImageView.h */ = {isa = PBXFileReference; fileEncoding = 4; lastKnownFileType = sourcecode.c.h; path = CHBImageView.h; sourceTree = "<group>"; };
		896251821B8E8FF500295961 /* CHBImageView.m */ = {isa = PBXFileReference; fileEncoding = 4; lastKnownFileType = sourcecode.c.objc; path = CHBImageView.m; sourceTree = "<group>"; };
		896251841B8E928400295961 /* CHBHomeViewController.h */ = {isa = PBXFileReference; fileEncoding = 4; lastKnownFileType = sourcecode.c.h; path = CHBHomeViewController.h; sourceTree = "<group>"; };
		896251851B8E928400295961 /* CHBHomeViewController.m */ = {isa = PBXFileReference; fileEncoding = 4; lastKnownFileType = sourcecode.c.objc; path = CHBHomeViewController.m; sourceTree = "<group>"; };
		896251861B8E928400295961 /* CHBHomeViewController.xib */ = {isa = PBXFileReference; fileEncoding = 4; lastKnownFileType = file.xib; path = CHBHomeViewController.xib; sourceTree = "<group>"; };
		8962518A1B8E9A6B00295961 /* CHBMapViewController.h */ = {isa = PBXFileReference; fileEncoding = 4; lastKnownFileType = sourcecode.c.h; path = CHBMapViewController.h; sourceTree = "<group>"; };
		8962518B1B8E9A6B00295961 /* CHBMapViewController.m */ = {isa = PBXFileReference; fileEncoding = 4; lastKnownFileType = sourcecode.c.objc; path = CHBMapViewController.m; sourceTree = "<group>"; };
		89659BE91B895D6D004072CE /* GameKit.framework */ = {isa = PBXFileReference; lastKnownFileType = wrapper.framework; name = GameKit.framework; path = System/Library/Frameworks/GameKit.framework; sourceTree = SDKROOT; };
		89659BEB1B895FBF004072CE /* SpriteKit.framework */ = {isa = PBXFileReference; lastKnownFileType = wrapper.framework; name = SpriteKit.framework; path = System/Library/Frameworks/SpriteKit.framework; sourceTree = SDKROOT; };
		89659BED1B8962B6004072CE /* CHBGameKitHelper.h */ = {isa = PBXFileReference; fileEncoding = 4; lastKnownFileType = sourcecode.c.h; path = CHBGameKitHelper.h; sourceTree = "<group>"; };
		89659BEE1B8962B6004072CE /* CHBGameKitHelper.m */ = {isa = PBXFileReference; fileEncoding = 4; lastKnownFileType = sourcecode.c.objc; path = CHBGameKitHelper.m; sourceTree = "<group>"; };
		8968F2B01B7789A4000A6018 /* chasingbird.entitlements */ = {isa = PBXFileReference; lastKnownFileType = text.xml; path = chasingbird.entitlements; sourceTree = "<group>"; };
		8968F2B11B7789A4000A6018 /* HealthKit.framework */ = {isa = PBXFileReference; lastKnownFileType = wrapper.framework; name = HealthKit.framework; path = System/Library/Frameworks/HealthKit.framework; sourceTree = SDKROOT; };
		8985C2181B92378F00FDA0B0 /* CHBTypes.h */ = {isa = PBXFileReference; fileEncoding = 4; lastKnownFileType = sourcecode.c.h; path = CHBTypes.h; sourceTree = "<group>"; };
		8985C21A1B923AA300FDA0B0 /* CHBStartViewController.h */ = {isa = PBXFileReference; fileEncoding = 4; lastKnownFileType = sourcecode.c.h; path = CHBStartViewController.h; sourceTree = "<group>"; };
		8985C21B1B923AA300FDA0B0 /* CHBStartViewController.m */ = {isa = PBXFileReference; fileEncoding = 4; lastKnownFileType = sourcecode.c.objc; path = CHBStartViewController.m; sourceTree = "<group>"; };
		8985C21C1B923AA300FDA0B0 /* CHBStartViewController.xib */ = {isa = PBXFileReference; fileEncoding = 4; lastKnownFileType = file.xib; path = CHBStartViewController.xib; sourceTree = "<group>"; };
		8985C21F1B924ADD00FDA0B0 /* CHBGameViewController.h */ = {isa = PBXFileReference; fileEncoding = 4; lastKnownFileType = sourcecode.c.h; path = CHBGameViewController.h; sourceTree = "<group>"; };
		8985C2201B924ADD00FDA0B0 /* CHBGameViewController.m */ = {isa = PBXFileReference; fileEncoding = 4; lastKnownFileType = sourcecode.c.objc; path = CHBGameViewController.m; sourceTree = "<group>"; };
		8985C2231B924B1000FDA0B0 /* CHBGameScene.h */ = {isa = PBXFileReference; fileEncoding = 4; lastKnownFileType = sourcecode.c.h; path = CHBGameScene.h; sourceTree = "<group>"; };
		8985C2241B924B1000FDA0B0 /* CHBGameScene.m */ = {isa = PBXFileReference; fileEncoding = 4; lastKnownFileType = sourcecode.c.objc; path = CHBGameScene.m; sourceTree = "<group>"; };
		8985C2261B924EAE00FDA0B0 /* GameAssets.xcassets */ = {isa = PBXFileReference; lastKnownFileType = folder.assetcatalog; path = GameAssets.xcassets; sourceTree = "<group>"; };
		89E8528B1B8EAB4500942893 /* CHBMapLevelView.h */ = {isa = PBXFileReference; fileEncoding = 4; lastKnownFileType = sourcecode.c.h; path = CHBMapLevelView.h; sourceTree = "<group>"; };
		89E8528C1B8EAB4500942893 /* CHBMapLevelView.m */ = {isa = PBXFileReference; fileEncoding = 4; lastKnownFileType = sourcecode.c.objc; path = CHBMapLevelView.m; sourceTree = "<group>"; };
/* End PBXFileReference section */

/* Begin PBXFrameworksBuildPhase section */
		642578511BC065C8006B430D /* Frameworks */ = {
			isa = PBXFrameworksBuildPhase;
			buildActionMask = 2147483647;
			files = (
				7FE3DB091C35E0B400E270B4 /* HealthKit.framework in Frameworks */,
			);
			runOnlyForDeploymentPostprocessing = 0;
		};
		891736311B7676A0003E082F /* Frameworks */ = {
			isa = PBXFrameworksBuildPhase;
			buildActionMask = 2147483647;
			files = (
				89659BEC1B895FBF004072CE /* SpriteKit.framework in Frameworks */,
				8968F2B21B7789A4000A6018 /* HealthKit.framework in Frameworks */,
				89659BEA1B895D6D004072CE /* GameKit.framework in Frameworks */,
			);
			runOnlyForDeploymentPostprocessing = 0;
		};
/* End PBXFrameworksBuildPhase section */

/* Begin PBXGroup section */
		64059CBE1C0125630069D4DE /* ResultTable */ = {
			isa = PBXGroup;
			children = (
				64059CBF1C0125900069D4DE /* CHBResultTableViewCell.h */,
				64059CC01C0125900069D4DE /* CHBResultTableViewCell.m */,
				64059CC71C0125BF0069D4DE /* CHBResultTableView.h */,
				64059CC81C0125BF0069D4DE /* CHBResultTableView.m */,
				64059CC11C0125900069D4DE /* CHBResultTableViewCell.xib */,
			);
			name = ResultTable;
			sourceTree = "<group>";
		};
		640FA8E11BF170CF00D89019 /* PerformanceTable */ = {
			isa = PBXGroup;
			children = (
				64F2623A1BD413A200C5BD68 /* CHBPerformanceTableView.h */,
				64F2623B1BD413A200C5BD68 /* CHBPerformanceTableView.m */,
				64A8F57C1BFADFD000480B47 /* CHBPerformanceTableViewCell.h */,
				64A8F57D1BFADFD000480B47 /* CHBPerformanceTableViewCell.m */,
				64A8F57E1BFADFD000480B47 /* CHBPerformanceTableViewCell.xib */,
			);
			name = PerformanceTable;
			sourceTree = "<group>";
		};
		640FA8E21BF170DA00D89019 /* AchievementsTable */ = {
			isa = PBXGroup;
			children = (
				640FA8DC1BF170B900D89019 /* CHBAchievementsTableViewCell.h */,
				640FA8E31BF1711400D89019 /* CHBAchievementsTableView.h */,
				640FA8E41BF1711400D89019 /* CHBAchievementsTableView.m */,
				640FA8DD1BF170B900D89019 /* CHBAchievementsTableViewCell.m */,
				640FA8DE1BF170B900D89019 /* CHBAchievementsTableViewCell.xib */,
			);
			name = AchievementsTable;
			sourceTree = "<group>";
		};
		640FA8E61BF1712300D89019 /* LeaderboardTable */ = {
			isa = PBXGroup;
			children = (
				640FA8E71BF1825700D89019 /* CHBLeaderboardTableView.h */,
				640FA8E81BF1825700D89019 /* CHBLeaderboardTableView.m */,
				640FA8EA1BF183EA00D89019 /* CHBLeaderboardTableViewCell.h */,
				640FA8EB1BF183EA00D89019 /* CHBLeaderboardTableViewCell.m */,
				640FA8EC1BF183EA00D89019 /* CHBLeaderboardTableViewCell.xib */,
			);
			name = LeaderboardTable;
			sourceTree = "<group>";
		};
		640FA8EF1BF184AA00D89019 /* LeaderboardView */ = {
			isa = PBXGroup;
			children = (
				640FA8F01BF184C600D89019 /* CHBLeaderboardViewController.h */,
				640FA8F11BF184C600D89019 /* CHBLeaderboardViewController.m */,
				640FA8F21BF184C600D89019 /* CHBLeaderboardViewController.xib */,
			);
			name = LeaderboardView;
			sourceTree = "<group>";
		};
		640FA8F51BF190BB00D89019 /* ChallengeTable */ = {
			isa = PBXGroup;
			children = (
				640FA8F61BF190ED00D89019 /* CHBChallengeTableView.h */,
				640FA8F71BF190ED00D89019 /* CHBChallengeTableView.m */,
				640FA8F91BF1910500D89019 /* CHBChallengeTableViewCell.h */,
				640FA8FA1BF1910500D89019 /* CHBChallengeTableViewCell.m */,
				640FA8FB1BF1910500D89019 /* CHBChallengeTableViewCell.xib */,
			);
			name = ChallengeTable;
			sourceTree = "<group>";
		};
		640FA8FE1BF1980D00D89019 /* ChallengeView */ = {
			isa = PBXGroup;
			children = (
				640FA8FF1BF1982700D89019 /* CHBChallengeViewController.h */,
				640FA9001BF1982700D89019 /* CHBChallengeViewController.m */,
				640FA9011BF1982700D89019 /* CHBChallengeViewController.xib */,
			);
			name = ChallengeView;
			sourceTree = "<group>";
		};
		642578491BC065C8006B430D /* chasingBirdWatch */ = {
			isa = PBXGroup;
			children = (
				6425784A1BC065C8006B430D /* Interface.storyboard */,
				6425784D1BC065C8006B430D /* Assets.xcassets */,
				6425784F1BC065C8006B430D /* Info.plist */,
			);
			path = chasingBirdWatch;
			sourceTree = "<group>";
		};
		642578581BC065C8006B430D /* chasingBirdWatch Extension */ = {
			isa = PBXGroup;
			children = (
				6425786D1BC066CB006B430D /* chasingBirdWatch Extension.entitlements */,
				642578591BC065C8006B430D /* InterfaceController.h */,
				6425785A1BC065C8006B430D /* InterfaceController.m */,
				6425785C1BC065C8006B430D /* ExtensionDelegate.h */,
				6425785D1BC065C8006B430D /* ExtensionDelegate.m */,
				6425785F1BC065C8006B430D /* Assets.xcassets */,
				642578611BC065C8006B430D /* Info.plist */,
			);
			path = "chasingBirdWatch Extension";
			sourceTree = "<group>";
		};
		643736231BF1534900A4BC64 /* LandingView */ = {
			isa = PBXGroup;
			children = (
				643736241BF1539300A4BC64 /* CHBLandingViewController.h */,
				643736251BF1539300A4BC64 /* CHBLandingViewController.m */,
				643736261BF1539300A4BC64 /* CHBLandingViewController.xib */,
			);
			name = LandingView;
			sourceTree = "<group>";
		};
		643736291BF15BAD00A4BC64 /* AchievementsView */ = {
			isa = PBXGroup;
			children = (
				6437362A1BF15BC600A4BC64 /* CHBAchievementsViewController.h */,
				6437362B1BF15BC600A4BC64 /* CHBAchievementsViewController.m */,
				6437362C1BF15BC600A4BC64 /* CHBAchievementsViewController.xib */,
			);
			name = AchievementsView;
			sourceTree = "<group>";
		};
		64A8F5701BFAD8BE00480B47 /* PerformanceView */ = {
			isa = PBXGroup;
			children = (
				64A8F5711BFAD8D300480B47 /* CHBPerformanceViewController.h */,
				64A8F5721BFAD8D300480B47 /* CHBPerformanceViewController.m */,
				64A8F5731BFAD8D300480B47 /* CHBPerformanceViewController.xib */,
			);
			name = PerformanceView;
			sourceTree = "<group>";
		};
		64B4CACD1BD2BD1B00D5C5A5 /* IntroView */ = {
			isa = PBXGroup;
			children = (
				64B4CACE1BD2BD4700D5C5A5 /* CHBIntroViewController.h */,
				64B4CACF1BD2BD4700D5C5A5 /* CHBIntroViewController.m */,
				64B4CAD01BD2BD4700D5C5A5 /* CHBIntroViewController.xib */,
			);
			name = IntroView;
			sourceTree = "<group>";
		};
		64D93BD91BD3FE42006AE5C2 /* Model */ = {
			isa = PBXGroup;
			children = (
				64D93BDA1BD3FE5B006AE5C2 /* CHBPerformance.h */,
				64D93BDB1BD3FE5B006AE5C2 /* CHBPerformance.m */,
			);
			name = Model;
			sourceTree = "<group>";
		};
		64F262331BD401CA00C5BD68 /* PauseView */ = {
			isa = PBXGroup;
			children = (
				64F2622E1BD401BD00C5BD68 /* CHBPauseViewController.h */,
				64F2622F1BD401BD00C5BD68 /* CHBPauseViewController.m */,
				64F262301BD401BD00C5BD68 /* CHBPauseViewController.xib */,
			);
			name = PauseView;
			sourceTree = "<group>";
		};
		64F262341BD40D3700C5BD68 /* ResultView */ = {
			isa = PBXGroup;
			children = (
				64F262351BD40D8900C5BD68 /* CHBResultViewController.h */,
				64F262361BD40D8900C5BD68 /* CHBResultViewController.m */,
				64F262371BD40D8900C5BD68 /* CHBResultViewController.xib */,
			);
			name = ResultView;
			sourceTree = "<group>";
		};
		8911BB621B8FBCDA00402F93 /* StartView */ = {
			isa = PBXGroup;
			children = (
				8985C21A1B923AA300FDA0B0 /* CHBStartViewController.h */,
				8985C21B1B923AA300FDA0B0 /* CHBStartViewController.m */,
				8985C21C1B923AA300FDA0B0 /* CHBStartViewController.xib */,
			);
			name = StartView;
			sourceTree = "<group>";
		};
		891458DD1B7FD05F00ECF6D9 /* Demo */ = {
			isa = PBXGroup;
			children = (
				8917363D1B7676A0003E082F /* CHBDemoViewController.h */,
				8917363E1B7676A0003E082F /* CHBDemoViewController.m */,
				891458DE1B7FD0BA00ECF6D9 /* CHBTimerView.h */,
				891458DF1B7FD0BA00ECF6D9 /* CHBTimerView.m */,
			);
			name = Demo;
			sourceTree = "<group>";
		};
		891458E11B7FDAC400ECF6D9 /* Helpers */ = {
			isa = PBXGroup;
			children = (
				649114B41C09F26800826EA0 /* CHBConf.h */,
				649114B51C09F26800826EA0 /* CHBConf.m */,
				8985C2181B92378F00FDA0B0 /* CHBTypes.h */,
				891458E21B7FDAE600ECF6D9 /* UIView+AutoLayoutHelpers.h */,
				891458E31B7FDAE600ECF6D9 /* UIView+AutoLayoutHelpers.m */,
				89659BED1B8962B6004072CE /* CHBGameKitHelper.h */,
				89659BEE1B8962B6004072CE /* CHBGameKitHelper.m */,
				891458E51B7FF3AC00ECF6D9 /* CHBWorkoutController.h */,
				891458E61B7FF3AC00ECF6D9 /* CHBWorkoutController.m */,
				649C15DA1BAD8A9700420ED2 /* CHBHelpers.h */,
				649C15DB1BAD8A9700420ED2 /* CHBHelpers.m */,
				64A8F5811BFAE63400480B47 /* CHBPerformanceHelper.h */,
				64A8F5821BFAE63400480B47 /* CHBPerformanceHelper.m */,
			);
			name = Helpers;
			sourceTree = "<group>";
		};
		8917362B1B7676A0003E082F = {
			isa = PBXGroup;
			children = (
				7FE3DB081C35E0B400E270B4 /* HealthKit.framework */,
				89659BEB1B895FBF004072CE /* SpriteKit.framework */,
				89659BE91B895D6D004072CE /* GameKit.framework */,
				8968F2B11B7789A4000A6018 /* HealthKit.framework */,
				891736361B7676A0003E082F /* chasingbird */,
				891736501B7676A0003E082F /* chasingbirdTests */,
				642578491BC065C8006B430D /* chasingBirdWatch */,
				642578581BC065C8006B430D /* chasingBirdWatch Extension */,
				891736351B7676A0003E082F /* Products */,
			);
			sourceTree = "<group>";
		};
		891736351B7676A0003E082F /* Products */ = {
			isa = PBXGroup;
			children = (
				891736341B7676A0003E082F /* Stray Bird.app */,
				642578481BC065C8006B430D /* chasingBirdWatch.app */,
				642578541BC065C8006B430D /* chasingBirdWatch Extension.appex */,
			);
			name = Products;
			sourceTree = "<group>";
		};
		891736361B7676A0003E082F /* chasingbird */ = {
			isa = PBXGroup;
			children = (
				64A8F5701BFAD8BE00480B47 /* PerformanceView */,
				640FA8FE1BF1980D00D89019 /* ChallengeView */,
				640FA8EF1BF184AA00D89019 /* LeaderboardView */,
				643736291BF15BAD00A4BC64 /* AchievementsView */,
				643736231BF1534900A4BC64 /* LandingView */,
				64F262341BD40D3700C5BD68 /* ResultView */,
				64F262331BD401CA00C5BD68 /* PauseView */,
				64D93BD91BD3FE42006AE5C2 /* Model */,
				8985C2221B924AE500FDA0B0 /* GameView */,
				64B4CACD1BD2BD1B00D5C5A5 /* IntroView */,
				8911BB621B8FBCDA00402F93 /* StartView */,
				896251891B8E99F900295961 /* MapView */,
				896251801B8E8FDD00295961 /* CustomView */,
				896251791B8E898A00295961 /* CustomVC */,
				896251781B8E894800295961 /* HomeView */,
				891458E11B7FDAC400ECF6D9 /* Helpers */,
				891458DD1B7FD05F00ECF6D9 /* Demo */,
				8968F2B01B7789A4000A6018 /* chasingbird.entitlements */,
				8917363A1B7676A0003E082F /* AppDelegate.h */,
				8917363B1B7676A0003E082F /* AppDelegate.m */,
				891736431B7676A0003E082F /* Assets.xcassets */,
				8985C2261B924EAE00FDA0B0 /* GameAssets.xcassets */,
				891736451B7676A0003E082F /* LaunchScreen.storyboard */,
				64B6DD4A1BB8632A00DB754D /* cn_bold.ttf */,
				891736481B7676A0003E082F /* Info.plist */,
				891736371B7676A0003E082F /* Supporting Files */,
			);
			path = chasingbird;
			sourceTree = "<group>";
		};
		891736371B7676A0003E082F /* Supporting Files */ = {
			isa = PBXGroup;
			children = (
				891736381B7676A0003E082F /* main.m */,
			);
			name = "Supporting Files";
			sourceTree = "<group>";
		};
		891736501B7676A0003E082F /* chasingbirdTests */ = {
			isa = PBXGroup;
			children = (
				891736511B7676A0003E082F /* chasingbirdTests.m */,
				891736531B7676A0003E082F /* Info.plist */,
			);
			path = chasingbirdTests;
			sourceTree = "<group>";
		};
		896251781B8E894800295961 /* HomeView */ = {
			isa = PBXGroup;
			children = (
				896251841B8E928400295961 /* CHBHomeViewController.h */,
				896251851B8E928400295961 /* CHBHomeViewController.m */,
				896251861B8E928400295961 /* CHBHomeViewController.xib */,
			);
			name = HomeView;
			sourceTree = "<group>";
		};
		896251791B8E898A00295961 /* CustomVC */ = {
			isa = PBXGroup;
			children = (
				8962517A1B8E899A00295961 /* CHBViewController.h */,
				8962517B1B8E899A00295961 /* CHBViewController.m */,
			);
			name = CustomVC;
			sourceTree = "<group>";
		};
		896251801B8E8FDD00295961 /* CustomView */ = {
			isa = PBXGroup;
			children = (
				64059CBE1C0125630069D4DE /* ResultTable */,
				640FA8F51BF190BB00D89019 /* ChallengeTable */,
				640FA8E61BF1712300D89019 /* LeaderboardTable */,
				640FA8E21BF170DA00D89019 /* AchievementsTable */,
				640FA8E11BF170CF00D89019 /* PerformanceTable */,
				896251811B8E8FF500295961 /* CHBImageView.h */,
				646608671BB70BDF00E61BFD /* CHBLabelNode.h */,
				6455EE431BCC27A900E32334 /* CHBRadarNode.h */,
				6455EE441BCC27A900E32334 /* CHBRadarNode.m */,
				646608681BB70BDF00E61BFD /* CHBLabelNode.m */,
				6466086A1BB7117A00E61BFD /* CHBBirdInfoNode.h */,
				6466086B1BB7117A00E61BFD /* CHBBirdInfoNode.m */,
				6455EE401BCC02E300E32334 /* CHBNetInfoNode.h */,
				6455EE411BCC02E300E32334 /* CHBNetInfoNode.m */,
				89E8528B1B8EAB4500942893 /* CHBMapLevelView.h */,
				89E8528C1B8EAB4500942893 /* CHBMapLevelView.m */,
				896251821B8E8FF500295961 /* CHBImageView.m */,
			);
			name = CustomView;
			sourceTree = "<group>";
		};
		896251891B8E99F900295961 /* MapView */ = {
			isa = PBXGroup;
			children = (
				8962518A1B8E9A6B00295961 /* CHBMapViewController.h */,
				8962518B1B8E9A6B00295961 /* CHBMapViewController.m */,
			);
			name = MapView;
			sourceTree = "<group>";
		};
		8985C2221B924AE500FDA0B0 /* GameView */ = {
			isa = PBXGroup;
			children = (
				8985C2231B924B1000FDA0B0 /* CHBGameScene.h */,
				8985C2241B924B1000FDA0B0 /* CHBGameScene.m */,
				8985C21F1B924ADD00FDA0B0 /* CHBGameViewController.h */,
				8985C2201B924ADD00FDA0B0 /* CHBGameViewController.m */,
			);
			name = GameView;
			sourceTree = "<group>";
		};
/* End PBXGroup section */

/* Begin PBXNativeTarget section */
		642578471BC065C8006B430D /* chasingBirdWatch */ = {
			isa = PBXNativeTarget;
			buildConfigurationList = 642578691BC065C9006B430D /* Build configuration list for PBXNativeTarget "chasingBirdWatch" */;
			buildPhases = (
				642578461BC065C8006B430D /* Resources */,
				642578681BC065C9006B430D /* Embed App Extensions */,
			);
			buildRules = (
			);
			dependencies = (
				642578571BC065C8006B430D /* PBXTargetDependency */,
			);
			name = chasingBirdWatch;
			productName = chasingBirdWatch;
			productReference = 642578481BC065C8006B430D /* chasingBirdWatch.app */;
			productType = "com.apple.product-type.application.watchapp2";
		};
		642578531BC065C8006B430D /* chasingBirdWatch Extension */ = {
			isa = PBXNativeTarget;
			buildConfigurationList = 642578651BC065C9006B430D /* Build configuration list for PBXNativeTarget "chasingBirdWatch Extension" */;
			buildPhases = (
				642578501BC065C8006B430D /* Sources */,
				642578511BC065C8006B430D /* Frameworks */,
				642578521BC065C8006B430D /* Resources */,
			);
			buildRules = (
			);
			dependencies = (
			);
			name = "chasingBirdWatch Extension";
			productName = "chasingBirdWatch Extension";
			productReference = 642578541BC065C8006B430D /* chasingBirdWatch Extension.appex */;
			productType = "com.apple.product-type.watchkit2-extension";
		};
		891736331B7676A0003E082F /* chasingbird */ = {
			isa = PBXNativeTarget;
			buildConfigurationList = 891736561B7676A0003E082F /* Build configuration list for PBXNativeTarget "chasingbird" */;
			buildPhases = (
				891736301B7676A0003E082F /* Sources */,
				891736311B7676A0003E082F /* Frameworks */,
				891736321B7676A0003E082F /* Resources */,
				8968F2AF1B7779C7000A6018 /* Embed Watch Content */,
			);
			buildRules = (
			);
			dependencies = (
				642578631BC065C8006B430D /* PBXTargetDependency */,
			);
			name = chasingbird;
			productName = chasingbird;
			productReference = 891736341B7676A0003E082F /* Stray Bird.app */;
			productType = "com.apple.product-type.application";
		};
/* End PBXNativeTarget section */

/* Begin PBXProject section */
		8917362C1B7676A0003E082F /* Project object */ = {
			isa = PBXProject;
			attributes = {
				LastUpgradeCheck = 0700;
				ORGANIZATIONNAME = howalee;
				TargetAttributes = {
					642578471BC065C8006B430D = {
						CreatedOnToolsVersion = 7.0.1;
						DevelopmentTeam = 7B976PU7W8;
					};
					642578531BC065C8006B430D = {
						CreatedOnToolsVersion = 7.0.1;
						DevelopmentTeam = 7B976PU7W8;
						SystemCapabilities = {
							com.apple.HealthKit = {
								enabled = 1;
							};
						};
					};
					891736331B7676A0003E082F = {
						CreatedOnToolsVersion = 7.0;
						DevelopmentTeam = 7B976PU7W8;
						SystemCapabilities = {
							com.apple.GameCenter = {
								enabled = 1;
							};
							com.apple.HealthKit = {
								enabled = 1;
							};
						};
					};
				};
			};
			buildConfigurationList = 8917362F1B7676A0003E082F /* Build configuration list for PBXProject "chasingbird" */;
			compatibilityVersion = "Xcode 3.2";
			developmentRegion = English;
			hasScannedForEncodings = 0;
			knownRegions = (
				en,
				Base,
			);
			mainGroup = 8917362B1B7676A0003E082F;
			productRefGroup = 891736351B7676A0003E082F /* Products */;
			projectDirPath = "";
			projectRoot = "";
			targets = (
				891736331B7676A0003E082F /* chasingbird */,
				642578471BC065C8006B430D /* chasingBirdWatch */,
				642578531BC065C8006B430D /* chasingBirdWatch Extension */,
			);
		};
/* End PBXProject section */

/* Begin PBXResourcesBuildPhase section */
		642578461BC065C8006B430D /* Resources */ = {
			isa = PBXResourcesBuildPhase;
			buildActionMask = 2147483647;
			files = (
				6425784E1BC065C8006B430D /* Assets.xcassets in Resources */,
				6425784C1BC065C8006B430D /* Interface.storyboard in Resources */,
			);
			runOnlyForDeploymentPostprocessing = 0;
		};
		642578521BC065C8006B430D /* Resources */ = {
			isa = PBXResourcesBuildPhase;
			buildActionMask = 2147483647;
			files = (
				642578601BC065C8006B430D /* Assets.xcassets in Resources */,
			);
			runOnlyForDeploymentPostprocessing = 0;
		};
		891736321B7676A0003E082F /* Resources */ = {
			isa = PBXResourcesBuildPhase;
			buildActionMask = 2147483647;
			files = (
				891736471B7676A0003E082F /* LaunchScreen.storyboard in Resources */,
				64B4CAD21BD2BD4700D5C5A5 /* CHBIntroViewController.xib in Resources */,
				640FA8EE1BF183EA00D89019 /* CHBLeaderboardTableViewCell.xib in Resources */,
				640FA8FD1BF1910500D89019 /* CHBChallengeTableViewCell.xib in Resources */,
				64059CC31C0125900069D4DE /* CHBResultTableViewCell.xib in Resources */,
				8985C21E1B923AA300FDA0B0 /* CHBStartViewController.xib in Resources */,
				891736441B7676A0003E082F /* Assets.xcassets in Resources */,
				64A8F5801BFADFD000480B47 /* CHBPerformanceTableViewCell.xib in Resources */,
				896251881B8E928400295961 /* CHBHomeViewController.xib in Resources */,
				640FA8F41BF184C600D89019 /* CHBLeaderboardViewController.xib in Resources */,
				8985C2271B924EAE00FDA0B0 /* GameAssets.xcassets in Resources */,
				640FA8E01BF170B900D89019 /* CHBAchievementsTableViewCell.xib in Resources */,
				643736281BF1539300A4BC64 /* CHBLandingViewController.xib in Resources */,
				64F262321BD401BD00C5BD68 /* CHBPauseViewController.xib in Resources */,
				6437362E1BF15BC600A4BC64 /* CHBAchievementsViewController.xib in Resources */,
				64A8F5751BFAD8D400480B47 /* CHBPerformanceViewController.xib in Resources */,
				640FA9031BF1982700D89019 /* CHBChallengeViewController.xib in Resources */,
				64F262391BD40D8900C5BD68 /* CHBResultViewController.xib in Resources */,
			);
			runOnlyForDeploymentPostprocessing = 0;
		};
/* End PBXResourcesBuildPhase section */

/* Begin PBXSourcesBuildPhase section */
		642578501BC065C8006B430D /* Sources */ = {
			isa = PBXSourcesBuildPhase;
			buildActionMask = 2147483647;
			files = (
				6425785E1BC065C8006B430D /* ExtensionDelegate.m in Sources */,
				6425785B1BC065C8006B430D /* InterfaceController.m in Sources */,
			);
			runOnlyForDeploymentPostprocessing = 0;
		};
		891736301B7676A0003E082F /* Sources */ = {
			isa = PBXSourcesBuildPhase;
			buildActionMask = 2147483647;
			files = (
				64F262311BD401BD00C5BD68 /* CHBPauseViewController.m in Sources */,
				64059CC21C0125900069D4DE /* CHBResultTableViewCell.m in Sources */,
				640FA8DF1BF170B900D89019 /* CHBAchievementsTableViewCell.m in Sources */,
				8917363F1B7676A0003E082F /* CHBDemoViewController.m in Sources */,
				640FA8FC1BF1910500D89019 /* CHBChallengeTableViewCell.m in Sources */,
				896251831B8E8FF500295961 /* CHBImageView.m in Sources */,
				64059CC91C0125BF0069D4DE /* CHBResultTableView.m in Sources */,
				891458E01B7FD0BA00ECF6D9 /* CHBTimerView.m in Sources */,
				646608691BB70BDF00E61BFD /* CHBLabelNode.m in Sources */,
				8962517C1B8E899A00295961 /* CHBViewController.m in Sources */,
				89659BEF1B8962B6004072CE /* CHBGameKitHelper.m in Sources */,
				6455EE451BCC27A900E32334 /* CHBRadarNode.m in Sources */,
				64A8F57F1BFADFD000480B47 /* CHBPerformanceTableViewCell.m in Sources */,
				6466086C1BB7117A00E61BFD /* CHBBirdInfoNode.m in Sources */,
				640FA8F31BF184C600D89019 /* CHBLeaderboardViewController.m in Sources */,
				8985C21D1B923AA300FDA0B0 /* CHBStartViewController.m in Sources */,
				8962518C1B8E9A6B00295961 /* CHBMapViewController.m in Sources */,
				649C15DC1BAD8A9700420ED2 /* CHBHelpers.m in Sources */,
				89E8528D1B8EAB4500942893 /* CHBMapLevelView.m in Sources */,
				643736271BF1539300A4BC64 /* CHBLandingViewController.m in Sources */,
				64A8F5741BFAD8D300480B47 /* CHBPerformanceViewController.m in Sources */,
				8985C2211B924ADD00FDA0B0 /* CHBGameViewController.m in Sources */,
				640FA8E51BF1711400D89019 /* CHBAchievementsTableView.m in Sources */,
				8985C2251B924B1000FDA0B0 /* CHBGameScene.m in Sources */,
				64F262381BD40D8900C5BD68 /* CHBResultViewController.m in Sources */,
				64D93BDC1BD3FE5B006AE5C2 /* CHBPerformance.m in Sources */,
				64A8F5831BFAE63400480B47 /* CHBPerformanceHelper.m in Sources */,
				891458E71B7FF3AC00ECF6D9 /* CHBWorkoutController.m in Sources */,
				8917363C1B7676A0003E082F /* AppDelegate.m in Sources */,
				896251871B8E928400295961 /* CHBHomeViewController.m in Sources */,
				640FA8F81BF190ED00D89019 /* CHBChallengeTableView.m in Sources */,
				6437362D1BF15BC600A4BC64 /* CHBAchievementsViewController.m in Sources */,
				640FA8E91BF1825700D89019 /* CHBLeaderboardTableView.m in Sources */,
				891458E41B7FDAE600ECF6D9 /* UIView+AutoLayoutHelpers.m in Sources */,
				640FA9021BF1982700D89019 /* CHBChallengeViewController.m in Sources */,
				891736391B7676A0003E082F /* main.m in Sources */,
				64B4CAD11BD2BD4700D5C5A5 /* CHBIntroViewController.m in Sources */,
				640FA8ED1BF183EA00D89019 /* CHBLeaderboardTableViewCell.m in Sources */,
				6455EE421BCC02E300E32334 /* CHBNetInfoNode.m in Sources */,
				649114B61C09F26800826EA0 /* CHBConf.m in Sources */,
				64F2623C1BD413A200C5BD68 /* CHBPerformanceTableView.m in Sources */,
			);
			runOnlyForDeploymentPostprocessing = 0;
		};
/* End PBXSourcesBuildPhase section */

/* Begin PBXTargetDependency section */
		642578571BC065C8006B430D /* PBXTargetDependency */ = {
			isa = PBXTargetDependency;
			target = 642578531BC065C8006B430D /* chasingBirdWatch Extension */;
			targetProxy = 642578561BC065C8006B430D /* PBXContainerItemProxy */;
		};
		642578631BC065C8006B430D /* PBXTargetDependency */ = {
			isa = PBXTargetDependency;
			target = 642578471BC065C8006B430D /* chasingBirdWatch */;
			targetProxy = 642578621BC065C8006B430D /* PBXContainerItemProxy */;
		};
/* End PBXTargetDependency section */

/* Begin PBXVariantGroup section */
		6425784A1BC065C8006B430D /* Interface.storyboard */ = {
			isa = PBXVariantGroup;
			children = (
				6425784B1BC065C8006B430D /* Base */,
			);
			name = Interface.storyboard;
			sourceTree = "<group>";
		};
		891736451B7676A0003E082F /* LaunchScreen.storyboard */ = {
			isa = PBXVariantGroup;
			children = (
				891736461B7676A0003E082F /* Base */,
			);
			name = LaunchScreen.storyboard;
			sourceTree = "<group>";
		};
/* End PBXVariantGroup section */

/* Begin XCBuildConfiguration section */
		642578661BC065C9006B430D /* Debug */ = {
			isa = XCBuildConfiguration;
			buildSettings = {
				CODE_SIGN_ENTITLEMENTS = "chasingBirdWatch Extension/chasingBirdWatch Extension.entitlements";
				INFOPLIST_FILE = "chasingBirdWatch Extension/Info.plist";
				LD_RUNPATH_SEARCH_PATHS = "$(inherited) @executable_path/Frameworks @executable_path/../../Frameworks";
				PRODUCT_BUNDLE_IDENTIFIER = com.howalee.chasingbird.watchkitapp.watchkitextension;
				PRODUCT_NAME = "${TARGET_NAME}";
				SDKROOT = watchos;
				SKIP_INSTALL = YES;
				TARGETED_DEVICE_FAMILY = 4;
				WATCHOS_DEPLOYMENT_TARGET = 2.0;
			};
			name = Debug;
		};
		642578671BC065C9006B430D /* Release */ = {
			isa = XCBuildConfiguration;
			buildSettings = {
				CODE_SIGN_ENTITLEMENTS = "chasingBirdWatch Extension/chasingBirdWatch Extension.entitlements";
				INFOPLIST_FILE = "chasingBirdWatch Extension/Info.plist";
				LD_RUNPATH_SEARCH_PATHS = "$(inherited) @executable_path/Frameworks @executable_path/../../Frameworks";
				PRODUCT_BUNDLE_IDENTIFIER = com.howalee.chasingbird.watchkitapp.watchkitextension;
				PRODUCT_NAME = "${TARGET_NAME}";
				SDKROOT = watchos;
				SKIP_INSTALL = YES;
				TARGETED_DEVICE_FAMILY = 4;
				WATCHOS_DEPLOYMENT_TARGET = 2.0;
			};
			name = Release;
		};
		6425786A1BC065C9006B430D /* Debug */ = {
			isa = XCBuildConfiguration;
			buildSettings = {
				ASSETCATALOG_COMPILER_APPICON_NAME = AppIcon;
				CODE_SIGN_IDENTITY = "iPhone Developer";
				"CODE_SIGN_IDENTITY[sdk=iphoneos*]" = "iPhone Developer";
				IBSC_MODULE = chasingBirdWatch_Extension;
				INFOPLIST_FILE = chasingBirdWatch/Info.plist;
				PRODUCT_BUNDLE_IDENTIFIER = com.howalee.chasingbird.watchkitapp;
				PRODUCT_NAME = "$(TARGET_NAME)";
				SDKROOT = watchos;
				SKIP_INSTALL = YES;
				TARGETED_DEVICE_FAMILY = 4;
				WATCHOS_DEPLOYMENT_TARGET = 2.0;
			};
			name = Debug;
		};
		6425786B1BC065C9006B430D /* Release */ = {
			isa = XCBuildConfiguration;
			buildSettings = {
				ASSETCATALOG_COMPILER_APPICON_NAME = AppIcon;
				CODE_SIGN_IDENTITY = "iPhone Developer";
				"CODE_SIGN_IDENTITY[sdk=iphoneos*]" = "iPhone Developer";
				IBSC_MODULE = chasingBirdWatch_Extension;
				INFOPLIST_FILE = chasingBirdWatch/Info.plist;
				PRODUCT_BUNDLE_IDENTIFIER = com.howalee.chasingbird.watchkitapp;
				PRODUCT_NAME = "$(TARGET_NAME)";
				SDKROOT = watchos;
				SKIP_INSTALL = YES;
				TARGETED_DEVICE_FAMILY = 4;
				WATCHOS_DEPLOYMENT_TARGET = 2.0;
			};
			name = Release;
		};
		891736541B7676A0003E082F /* Debug */ = {
			isa = XCBuildConfiguration;
			buildSettings = {
				ALWAYS_SEARCH_USER_PATHS = NO;
				CLANG_CXX_LANGUAGE_STANDARD = "gnu++0x";
				CLANG_CXX_LIBRARY = "libc++";
				CLANG_ENABLE_MODULES = YES;
				CLANG_ENABLE_OBJC_ARC = YES;
				CLANG_WARN_BOOL_CONVERSION = YES;
				CLANG_WARN_CONSTANT_CONVERSION = YES;
				CLANG_WARN_DIRECT_OBJC_ISA_USAGE = YES_ERROR;
				CLANG_WARN_EMPTY_BODY = YES;
				CLANG_WARN_ENUM_CONVERSION = YES;
				CLANG_WARN_INT_CONVERSION = YES;
				CLANG_WARN_OBJC_ROOT_CLASS = YES_ERROR;
				CLANG_WARN_UNREACHABLE_CODE = YES;
				CLANG_WARN__DUPLICATE_METHOD_MATCH = YES;
				"CODE_SIGN_IDENTITY[sdk=iphoneos*]" = "iPhone Developer";
				COPY_PHASE_STRIP = NO;
				DEBUG_INFORMATION_FORMAT = dwarf;
				ENABLE_STRICT_OBJC_MSGSEND = YES;
				ENABLE_TESTABILITY = YES;
				GCC_C_LANGUAGE_STANDARD = gnu99;
				GCC_DYNAMIC_NO_PIC = NO;
				GCC_NO_COMMON_BLOCKS = YES;
				GCC_OPTIMIZATION_LEVEL = 0;
				GCC_PREPROCESSOR_DEFINITIONS = (
					"DEBUG=1",
					"$(inherited)",
				);
				GCC_WARN_64_TO_32_BIT_CONVERSION = YES;
				GCC_WARN_ABOUT_RETURN_TYPE = YES_ERROR;
				GCC_WARN_UNDECLARED_SELECTOR = YES;
				GCC_WARN_UNINITIALIZED_AUTOS = YES_AGGRESSIVE;
				GCC_WARN_UNUSED_FUNCTION = YES;
				GCC_WARN_UNUSED_VARIABLE = YES;
				IPHONEOS_DEPLOYMENT_TARGET = 9.0;
				MTL_ENABLE_DEBUG_INFO = YES;
				ONLY_ACTIVE_ARCH = YES;
				SDKROOT = iphoneos;
				TARGETED_DEVICE_FAMILY = "1,2";
			};
			name = Debug;
		};
		891736551B7676A0003E082F /* Release */ = {
			isa = XCBuildConfiguration;
			buildSettings = {
				ALWAYS_SEARCH_USER_PATHS = NO;
				CLANG_CXX_LANGUAGE_STANDARD = "gnu++0x";
				CLANG_CXX_LIBRARY = "libc++";
				CLANG_ENABLE_MODULES = YES;
				CLANG_ENABLE_OBJC_ARC = YES;
				CLANG_WARN_BOOL_CONVERSION = YES;
				CLANG_WARN_CONSTANT_CONVERSION = YES;
				CLANG_WARN_DIRECT_OBJC_ISA_USAGE = YES_ERROR;
				CLANG_WARN_EMPTY_BODY = YES;
				CLANG_WARN_ENUM_CONVERSION = YES;
				CLANG_WARN_INT_CONVERSION = YES;
				CLANG_WARN_OBJC_ROOT_CLASS = YES_ERROR;
				CLANG_WARN_UNREACHABLE_CODE = YES;
				CLANG_WARN__DUPLICATE_METHOD_MATCH = YES;
				"CODE_SIGN_IDENTITY[sdk=iphoneos*]" = "iPhone Developer";
				COPY_PHASE_STRIP = NO;
				DEBUG_INFORMATION_FORMAT = "dwarf-with-dsym";
				ENABLE_NS_ASSERTIONS = NO;
				ENABLE_STRICT_OBJC_MSGSEND = YES;
				GCC_C_LANGUAGE_STANDARD = gnu99;
				GCC_NO_COMMON_BLOCKS = YES;
				GCC_WARN_64_TO_32_BIT_CONVERSION = YES;
				GCC_WARN_ABOUT_RETURN_TYPE = YES_ERROR;
				GCC_WARN_UNDECLARED_SELECTOR = YES;
				GCC_WARN_UNINITIALIZED_AUTOS = YES_AGGRESSIVE;
				GCC_WARN_UNUSED_FUNCTION = YES;
				GCC_WARN_UNUSED_VARIABLE = YES;
				IPHONEOS_DEPLOYMENT_TARGET = 9.0;
				MTL_ENABLE_DEBUG_INFO = NO;
				SDKROOT = iphoneos;
				TARGETED_DEVICE_FAMILY = "1,2";
				VALIDATE_PRODUCT = YES;
			};
			name = Release;
		};
		891736571B7676A0003E082F /* Debug */ = {
			isa = XCBuildConfiguration;
			buildSettings = {
				ASSETCATALOG_COMPILER_APPICON_NAME = AppIcon;
				CODE_SIGN_ENTITLEMENTS = chasingbird/chasingbird.entitlements;
				CODE_SIGN_IDENTITY = "iPhone Developer";
				"CODE_SIGN_IDENTITY[sdk=iphoneos*]" = "iPhone Developer";
				INFOPLIST_FILE = chasingbird/Info.plist;
				LD_RUNPATH_SEARCH_PATHS = "$(inherited) @executable_path/Frameworks";
				PRODUCT_BUNDLE_IDENTIFIER = com.howalee.chasingbird;
				PRODUCT_NAME = "Stray Bird";
				PROVISIONING_PROFILE = "";
			};
			name = Debug;
		};
		891736581B7676A0003E082F /* Release */ = {
			isa = XCBuildConfiguration;
			buildSettings = {
				ASSETCATALOG_COMPILER_APPICON_NAME = AppIcon;
				CODE_SIGN_ENTITLEMENTS = chasingbird/chasingbird.entitlements;
				CODE_SIGN_IDENTITY = "iPhone Developer";
				"CODE_SIGN_IDENTITY[sdk=iphoneos*]" = "iPhone Developer";
				INFOPLIST_FILE = chasingbird/Info.plist;
				LD_RUNPATH_SEARCH_PATHS = "$(inherited) @executable_path/Frameworks";
				PRODUCT_BUNDLE_IDENTIFIER = com.howalee.chasingbird;
				PRODUCT_NAME = "Stray Bird";
				PROVISIONING_PROFILE = "";
			};
			name = Release;
		};
/* End XCBuildConfiguration section */

/* Begin XCConfigurationList section */
		642578651BC065C9006B430D /* Build configuration list for PBXNativeTarget "chasingBirdWatch Extension" */ = {
			isa = XCConfigurationList;
			buildConfigurations = (
				642578661BC065C9006B430D /* Debug */,
				642578671BC065C9006B430D /* Release */,
			);
			defaultConfigurationIsVisible = 0;
			defaultConfigurationName = Release;
		};
		642578691BC065C9006B430D /* Build configuration list for PBXNativeTarget "chasingBirdWatch" */ = {
			isa = XCConfigurationList;
			buildConfigurations = (
				6425786A1BC065C9006B430D /* Debug */,
				6425786B1BC065C9006B430D /* Release */,
			);
			defaultConfigurationIsVisible = 0;
			defaultConfigurationName = Release;
		};
		8917362F1B7676A0003E082F /* Build configuration list for PBXProject "chasingbird" */ = {
			isa = XCConfigurationList;
			buildConfigurations = (
				891736541B7676A0003E082F /* Debug */,
				891736551B7676A0003E082F /* Release */,
			);
			defaultConfigurationIsVisible = 0;
			defaultConfigurationName = Release;
		};
		891736561B7676A0003E082F /* Build configuration list for PBXNativeTarget "chasingbird" */ = {
			isa = XCConfigurationList;
			buildConfigurations = (
				891736571B7676A0003E082F /* Debug */,
				891736581B7676A0003E082F /* Release */,
			);
			defaultConfigurationIsVisible = 0;
			defaultConfigurationName = Release;
		};
/* End XCConfigurationList section */
	};
	rootObject = 8917362C1B7676A0003E082F /* Project object */;
}
